<Solution>
  <Folder Name="/src/">
    <Project Path="src/Host.Api/Host.Api.csproj" />
    <Project Path="src/Host.Mcp/Host.Mcp.csproj" />
    <Project Path="src/SharedKernel/SharedKernel.csproj" />
  </Folder>
  <Folder Name="/src/Modules/" />
  <Folder Name="/src/Modules/Ai/">
    <Project Path="src/Modules/Ai/Ai.Application/Ai.Application.csproj" />
    <Project Path="src/Modules/Ai/Ai.Contracts/Ai.Contracts.csproj" />
    <Project Path="src/Modules/Ai/Ai.Infrastructure/Ai.Infrastructure.csproj" />
  </Folder>
  <Folder Name="/src/Modules/Exports/">
    <Project Path="src/Modules/Exports/Exports.Application/Exports.Application.csproj" />
  </Folder>
  <Folder Name="/src/Modules/Finance/">
    <Project Path="src/Modules/Finance/Finance.Application/Finance.Application.csproj" />
    <Project Path="src/Modules/Finance/Finance.Domain/Finance.Domain.csproj" />
    <Project Path="src/Modules/Finance/Finance.Infrastructure/Finance.Infrastructure.csproj" />
  </Folder>
  <Folder Name="/src/Modules/Imports/">
    <Project Path="src/Modules/Imports/Imports.Application/Imports.Application.csproj" />
  </Folder>
  <Folder Name="/src/Modules/Integrations/">
    <Project Path="src/Modules/Integrations/Integrations.Application/Integrations.Application.csproj" />
    <Project Path="src/Modules/Integrations/Integrations.Infrastructure/Integrations.Infrastructure.csproj" />
  </Folder>
  <Folder Name="/src/Modules/Investments/">
    <Project Path="src/Modules/Investments/Investments.Application/Investments.Application.csproj" />
    <Project Path="src/Modules/Investments/Investments.Domain/Investments.Domain.csproj" />
    <Project Path="src/Modules/Investments/Investments.Infrastructure/Investments.Infrastructure.csproj" />
  </Folder>
  <Folder Name="/src/Modules/Reporting/">
    <Project Path="src/Modules/Reporting/Reporting.Application/Reporting.Application.csproj" />
  </Folder>
  <Folder Name="/tests/">
    <Project Path="tests/Architecture.Tests/Architecture.Tests.csproj" />
    <Project Path="tests/Finance.Tests/Finance.Tests.csproj" />
    <Project Path="tests/Integration.Tests/Integration.Tests.csproj" />
    <Project Path="tests/Integrations.Tests/Integrations.Tests.csproj" />
    <Project Path="tests/Investments.Tests/Investments.Tests.csproj" />
    <Project Path="tests/Reporting.Tests/Reporting.Tests.csproj" />
  </Folder>
</Solution>
